
Microsoft Visual Studio Solution File, Format Version 12.00
# Visual Studio Version 16
VisualStudioVersion = 16.0.32901.82
MinimumVisualStudioVersion = 10.0.40219.1
Project("{FAE04EC0-301F-11D3-BF4B-00C04F79EFBC}") = "Exodus 1.0", "Exodus 1.0\Exodus 1.0.csproj", "{BFBCC8D5-6485-4AE6-8A37-AD90ECEE6DEC}"
EndProject
Global
	GlobalSection(SolutionConfigurationPlatforms) = preSolution
		Debug|Any CPU = Debug|Any CPU
		Release|Any CPU = Release|Any CPU
	EndGlobalSection
	GlobalSection(ProjectConfigurationPlatforms) = postSolution
		{BFBCC8D5-6485-4AE6-8A37-AD90ECEE6DEC}.Debug|Any CPU.ActiveCfg = Debug|Any CPU
		{BFBCC8D5-6485-4AE6-8A37-AD90ECEE6DEC}.Debug|Any CPU.Build.0 = Debug|Any CPU
		{BFBCC8D5-6485-4AE6-8A37-AD90ECEE6DEC}.Release|Any CPU.ActiveCfg = Release|Any CPU
		{BFBCC8D5-6485-4AE6-8A37-AD90ECEE6DEC}.Release|Any CPU.Build.0 = Release|Any CPU
	EndGlobalSection
	GlobalSection(SolutionProperties) = preSolution
		HideSolutionNode = FALSE
	EndGlobalSection
	GlobalSection(ExtensibilityGlobals) = postSolution
		SolutionGuid = {54D791AF-B792-4228-A99C-3FA47F85F094}
	EndGlobalSection
EndGlobal
